
Microsoft Visual Studio Solution File, Format Version 12.00
# Visual Studio Version 17
VisualStudioVersion = 17.5.33414.496
MinimumVisualStudioVersion = 10.0.40219.1
Project("{FAE04EC0-301F-11D3-BF4B-00C04F79EFBC}") = "TTCM_RestaurentManager", "TTCM_RestaurentManager\TTCM_RestaurentManager.csproj", "{1FA377CA-EDA4-499B-B268-25453DDBEF32}"
EndProject
Global
	GlobalSection(SolutionConfigurationPlatforms) = preSolution
		Debug|Any CPU = Debug|Any CPU
		Release|Any CPU = Release|Any CPU
	EndGlobalSection
	GlobalSection(ProjectConfigurationPlatforms) = postSolution
		{1FA377CA-EDA4-499B-B268-25453DDBEF32}.Debug|Any CPU.ActiveCfg = Debug|Any CPU
		{1FA377CA-EDA4-499B-B268-25453DDBEF32}.Debug|Any CPU.Build.0 = Debug|Any CPU
		{1FA377CA-EDA4-499B-B268-25453DDBEF32}.Release|Any CPU.ActiveCfg = Release|Any CPU
		{1FA377CA-EDA4-499B-B268-25453DDBEF32}.Release|Any CPU.Build.0 = Release|Any CPU
	EndGlobalSection
	GlobalSection(SolutionProperties) = preSolution
		HideSolutionNode = FALSE
	EndGlobalSection
	GlobalSection(ExtensibilityGlobals) = postSolution
		SolutionGuid = {ECF35F10-970A-40ED-9F34-86D14B894FA7}
	EndGlobalSection
EndGlobal
